<Solution>
  <Project Path="ReservationSystem.API/ReservationSystem.API.csproj" />
  <Project Path="ReservationSystem.Application/ReservationSystem.Application.csproj" />
  <Project Path="ReservationSystem.Domain/ReservationSystem.Domain.csproj" />
  <Project Path="ReservationSystem.Infrastructure/ReservationSystem.Infrastructure.csproj" />
</Solution>
